
Microsoft Visual Studio Solution File, Format Version 12.00
# Visual Studio Version 17
VisualStudioVersion = 17.6.33829.357
MinimumVisualStudioVersion = 10.0.40219.1
Project("{FAE04EC0-301F-11D3-BF4B-00C04F79EFBC}") = "FkaCalender", "FkaCalender\FkaCalender.csproj", "{497E1EE5-807D-4752-8256-0205FAA23D2F}"
EndProject
Global
	GlobalSection(SolutionConfigurationPlatforms) = preSolution
		Debug|Any CPU = Debug|Any CPU
		Release|Any CPU = Release|Any CPU
	EndGlobalSection
	GlobalSection(ProjectConfigurationPlatforms) = postSolution
		{497E1EE5-807D-4752-8256-0205FAA23D2F}.Debug|Any CPU.ActiveCfg = Debug|Any CPU
		{497E1EE5-807D-4752-8256-0205FAA23D2F}.Debug|Any CPU.Build.0 = Debug|Any CPU
		{497E1EE5-807D-4752-8256-0205FAA23D2F}.Release|Any CPU.ActiveCfg = Release|Any CPU
		{497E1EE5-807D-4752-8256-0205FAA23D2F}.Release|Any CPU.Build.0 = Release|Any CPU
	EndGlobalSection
	GlobalSection(SolutionProperties) = preSolution
		HideSolutionNode = FALSE
	EndGlobalSection
	GlobalSection(ExtensibilityGlobals) = postSolution
		SolutionGuid = {4DFEAA12-5A7F-40A0-BCD8-2462FD20F4FB}
	EndGlobalSection
EndGlobal
